
Microsoft Visual Studio Solution File, Format Version 12.00
# Visual Studio 15
VisualStudioVersion = 15.0.27703.2026
MinimumVisualStudioVersion = 10.0.40219.1
Project("{9A19103F-16F7-4668-BE54-9A1E7A4F7556}") = "TestProject.Client", "TestProject\TestProject.Client.csproj", "{57F2A0AC-9942-41DA-A123-B805A59D9FC0}"
EndProject
Project("{9A19103F-16F7-4668-BE54-9A1E7A4F7556}") = "TestProject.Contracts", "TestProject.Contracts\TestProject.Contracts.csproj", "{817C4C88-DE86-40A2-8117-5B5A2A312D44}"
EndProject
Project("{9A19103F-16F7-4668-BE54-9A1E7A4F7556}") = "TestProject.Domain", "TestProject.Domain\TestProject.Domain.csproj", "{DE923625-AFC0-42A3-B2AB-A36975763382}"
EndProject
Project("{9A19103F-16F7-4668-BE54-9A1E7A4F7556}") = "TestProject.Infrastructure", "TestProject.Infrastructure\TestProject.Infrastructure.csproj", "{50D0303A-03DC-4F98-B7D1-420C732D674D}"
EndProject
Global
	GlobalSection(SolutionConfigurationPlatforms) = preSolution
		Debug|Any CPU = Debug|Any CPU
		Release|Any CPU = Release|Any CPU
	EndGlobalSection
	GlobalSection(ProjectConfigurationPlatforms) = postSolution
		{57F2A0AC-9942-41DA-A123-B805A59D9FC0}.Debug|Any CPU.ActiveCfg = Debug|Any CPU
		{57F2A0AC-9942-41DA-A123-B805A59D9FC0}.Debug|Any CPU.Build.0 = Debug|Any CPU
		{57F2A0AC-9942-41DA-A123-B805A59D9FC0}.Release|Any CPU.ActiveCfg = Release|Any CPU
		{57F2A0AC-9942-41DA-A123-B805A59D9FC0}.Release|Any CPU.Build.0 = Release|Any CPU
		{817C4C88-DE86-40A2-8117-5B5A2A312D44}.Debug|Any CPU.ActiveCfg = Debug|Any CPU
		{817C4C88-DE86-40A2-8117-5B5A2A312D44}.Debug|Any CPU.Build.0 = Debug|Any CPU
		{817C4C88-DE86-40A2-8117-5B5A2A312D44}.Release|Any CPU.ActiveCfg = Release|Any CPU
		{817C4C88-DE86-40A2-8117-5B5A2A312D44}.Release|Any CPU.Build.0 = Release|Any CPU
		{DE923625-AFC0-42A3-B2AB-A36975763382}.Debug|Any CPU.ActiveCfg = Debug|Any CPU
		{DE923625-AFC0-42A3-B2AB-A36975763382}.Debug|Any CPU.Build.0 = Debug|Any CPU
		{DE923625-AFC0-42A3-B2AB-A36975763382}.Release|Any CPU.ActiveCfg = Release|Any CPU
		{DE923625-AFC0-42A3-B2AB-A36975763382}.Release|Any CPU.Build.0 = Release|Any CPU
		{50D0303A-03DC-4F98-B7D1-420C732D674D}.Debug|Any CPU.ActiveCfg = Debug|Any CPU
		{50D0303A-03DC-4F98-B7D1-420C732D674D}.Debug|Any CPU.Build.0 = Debug|Any CPU
		{50D0303A-03DC-4F98-B7D1-420C732D674D}.Release|Any CPU.ActiveCfg = Release|Any CPU
		{50D0303A-03DC-4F98-B7D1-420C732D674D}.Release|Any CPU.Build.0 = Release|Any CPU
	EndGlobalSection
	GlobalSection(SolutionProperties) = preSolution
		HideSolutionNode = FALSE
	EndGlobalSection
	GlobalSection(ExtensibilityGlobals) = postSolution
		SolutionGuid = {802B44D9-F65F-4BA0-BA52-F4627A244F0F}
	EndGlobalSection
EndGlobal
